
Microsoft Visual Studio Solution File, Format Version 12.00
# Visual Studio Version 17
VisualStudioVersion = 17.3.32811.315
MinimumVisualStudioVersion = 10.0.40219.1
Project("{9A19103F-16F7-4668-BE54-9A1E7A4F7556}") = "AssetNodesPlus", "AssetNodesPlus\AssetNodesPlus.csproj", "{6413AD15-C051-43BC-8AEB-BC40DDBF57A2}"
EndProject
Global
	GlobalSection(SolutionConfigurationPlatforms) = preSolution
		Debug|Any CPU = Debug|Any CPU
		Release|Any CPU = Release|Any CPU
	EndGlobalSection
	GlobalSection(ProjectConfigurationPlatforms) = postSolution
		{6413AD15-C051-43BC-8AEB-BC40DDBF57A2}.Debug|Any CPU.ActiveCfg = Debug|Any CPU
		{6413AD15-C051-43BC-8AEB-BC40DDBF57A2}.Debug|Any CPU.Build.0 = Debug|Any CPU
		{6413AD15-C051-43BC-8AEB-BC40DDBF57A2}.Release|Any CPU.ActiveCfg = Release|Any CPU
		{6413AD15-C051-43BC-8AEB-BC40DDBF57A2}.Release|Any CPU.Build.0 = Release|Any CPU
	EndGlobalSection
	GlobalSection(SolutionProperties) = preSolution
		HideSolutionNode = FALSE
	EndGlobalSection
	GlobalSection(ExtensibilityGlobals) = postSolution
		SolutionGuid = {9F3A27FE-78E7-40BF-BFD2-28BBBFA272F6}
	EndGlobalSection
EndGlobal
